// !$*UTF8*$!
{
	archiveVersion = 1;
	classes = {
	};
	objectVersion = 46;
	objects = {

/* Begin PBXBuildFile section */
		8405FBBF1DBAE677004684B6 /* AppDelegate.swift in Sources */ = {isa = PBXBuildFile; fileRef = 8405FBBE1DBAE677004684B6 /* AppDelegate.swift */; };
		8405FBC11DBAE677004684B6 /* ViewController.swift in Sources */ = {isa = PBXBuildFile; fileRef = 8405FBC01DBAE677004684B6 /* ViewController.swift */; };
		8405FBC41DBAE677004684B6 /* Main.storyboard in Resources */ = {isa = PBXBuildFile; fileRef = 8405FBC21DBAE677004684B6 /* Main.storyboard */; };
		8405FBC61DBAE677004684B6 /* Assets.xcassets in Resources */ = {isa = PBXBuildFile; fileRef = 8405FBC51DBAE677004684B6 /* Assets.xcassets */; };
		8405FBC91DBAE677004684B6 /* LaunchScreen.storyboard in Resources */ = {isa = PBXBuildFile; fileRef = 8405FBC71DBAE677004684B6 /* LaunchScreen.storyboard */; };
		8405FBD41DBAE677004684B6 /* Esther_CalculatorAppTests.swift in Sources */ = {isa = PBXBuildFile; fileRef = 8405FBD31DBAE677004684B6 /* Esther_CalculatorAppTests.swift */; };
		8405FBDF1DBAE677004684B6 /* Esther_CalculatorAppUITests.swift in Sources */ = {isa = PBXBuildFile; fileRef = 8405FBDE1DBAE677004684B6 /* Esther_CalculatorAppUITests.swift */; };
/* End PBXBuildFile section */

/* Begin PBXContainerItemProxy section */
		8405FBD01DBAE677004684B6 /* PBXContainerItemProxy */ = {
			isa = PBXContainerItemProxy;
			containerPortal = 8405FBB31DBAE677004684B6 /* Project object */;
			proxyType = 1;
			remoteGlobalIDString = 8405FBBA1DBAE677004684B6;
			remoteInfo = Esther_CalculatorApp;
		};
		8405FBDB1DBAE677004684B6 /* PBXContainerItemProxy */ = {
			isa = PBXContainerItemProxy;
			containerPortal = 8405FBB31DBAE677004684B6 /* Project object */;
			proxyType = 1;
			remoteGlobalIDString = 8405FBBA1DBAE677004684B6;
			remoteInfo = Esther_CalculatorApp;
		};
/* End PBXContainerItemProxy section */

/* Begin PBXFileReference section */
		8405FBBB1DBAE677004684B6 /* Esther_CalculatorApp.app */ = {isa = PBXFileReference; explicitFileType = wrapper.application; includeInIndex = 0; path = Esther_CalculatorApp.app; sourceTree = BUILT_PRODUCTS_DIR; };
		8405FBBE1DBAE677004684B6 /* AppDelegate.swift */ = {isa = PBXFileReference; lastKnownFileType = sourcecode.swift; path = AppDelegate.swift; sourceTree = "<group>"; };
		8405FBC01DBAE677004684B6 /* ViewController.swift */ = {isa = PBXFileReference; lastKnownFileType = sourcecode.swift; path = ViewController.swift; sourceTree = "<group>"; };
		8405FBC31DBAE677004684B6 /* Base */ = {isa = PBXFileReference; lastKnownFileType = file.storyboard; name = Base; path = Base.lproj/Main.storyboard; sourceTree = "<group>"; };
		8405FBC51DBAE677004684B6 /* Assets.xcassets */ = {isa = PBXFileReference; lastKnownFileType = folder.assetcatalog; path = Assets.xcassets; sourceTree = "<group>"; };
		8405FBC81DBAE677004684B6 /* Base */ = {isa = PBXFileReference; lastKnownFileType = file.storyboard; name = Base; path = Base.lproj/LaunchScreen.storyboard; sourceTree = "<group>"; };
		8405FBCA1DBAE677004684B6 /* Info.plist */ = {isa = PBXFileReference; lastKnownFileType = text.plist.xml; path = Info.plist; sourceTree = "<group>"; };
		8405FBCF1DBAE677004684B6 /* Esther_CalculatorAppTests.xctest */ = {isa = PBXFileReference; explicitFileType = wrapper.cfbundle; includeInIndex = 0; path = Esther_CalculatorAppTests.xctest; sourceTree = BUILT_PRODUCTS_DIR; };
		8405FBD31DBAE677004684B6 /* Esther_CalculatorAppTests.swift */ = {isa = PBXFileReference; lastKnownFileType = sourcecode.swift; path = Esther_CalculatorAppTests.swift; sourceTree = "<group>"; };
		8405FBD51DBAE677004684B6 /* Info.plist */ = {isa = PBXFileReference; lastKnownFileType = text.plist.xml; path = Info.plist; sourceTree = "<group>"; };
		8405FBDA1DBAE677004684B6 /* Esther_CalculatorAppUITests.xctest */ = {isa = PBXFileReference; explicitFileType = wrapper.cfbundle; includeInIndex = 0; path = Esther_CalculatorAppUITests.xctest; sourceTree = BUILT_PRODUCTS_DIR; };
		8405FBDE1DBAE677004684B6 /* Esther_CalculatorAppUITests.swift */ = {isa = PBXFileReference; lastKnownFileType = sourcecode.swift; path = Esther_CalculatorAppUITests.swift; sourceTree = "<group>"; };
		8405FBE01DBAE677004684B6 /* Info.plist */ = {isa = PBXFileReference; lastKnownFileType = text.plist.xml; path = Info.plist; sourceTree = "<group>"; };
/* End PBXFileReference section */

/* Begin PBXFrameworksBuildPhase section */
		8405FBB81DBAE677004684B6 /* Frameworks */ = {
			isa = PBXFrameworksBuildPhase;
			buildActionMask = 2147483647;
			files = (
			);
			runOnlyForDeploymentPostprocessing = 0;
		};
		8405FBCC1DBAE677004684B6 /* Frameworks */ = {
			isa = PBXFrameworksBuildPhase;
			buildActionMask = 2147483647;
			files = (
			);
			runOnlyForDeploymentPostprocessing = 0;
		};
		8405FBD71DBAE677004684B6 /* Frameworks */ = {
			isa = PBXFrameworksBuildPhase;
			buildActionMask = 2147483647;
			files = (
			);
			runOnlyForDeploymentPostprocessing = 0;
		};
/* End PBXFrameworksBuildPhase section */

/* Begin PBXGroup section */
		8405FBB21DBAE677004684B6 = {
			isa = PBXGroup;
			children = (
				8405FBBD1DBAE677004684B6 /* Esther_CalculatorApp */,
				8405FBD21DBAE677004684B6 /* Esther_CalculatorAppTests */,
				8405FBDD1DBAE677004684B6 /* Esther_CalculatorAppUITests */,
				8405FBBC1DBAE677004684B6 /* Products */,
			);
			sourceTree = "<group>";
		};
		8405FBBC1DBAE677004684B6 /* Products */ = {
			isa = PBXGroup;
			children = (
				8405FBBB1DBAE677004684B6 /* Esther_CalculatorApp.app */,
				8405FBCF1DBAE677004684B6 /* Esther_CalculatorAppTests.xctest */,
				8405FBDA1DBAE677004684B6 /* Esther_CalculatorAppUITests.xctest */,
			);
			name = Products;
			sourceTree = "<group>";
		};
		8405FBBD1DBAE677004684B6 /* Esther_CalculatorApp */ = {
			isa = PBXGroup;
			children = (
				8405FBBE1DBAE677004684B6 /* AppDelegate.swift */,
				8405FBC01DBAE677004684B6 /* ViewController.swift */,
				8405FBC21DBAE677004684B6 /* Main.storyboard */,
				8405FBC51DBAE677004684B6 /* Assets.xcassets */,
				8405FBC71DBAE677004684B6 /* LaunchScreen.storyboard */,
				8405FBCA1DBAE677004684B6 /* Info.plist */,
			);
			path = Esther_CalculatorApp;
			sourceTree = "<group>";
		};
		8405FBD21DBAE677004684B6 /* Esther_CalculatorAppTests */ = {
			isa = PBXGroup;
			children = (
				8405FBD31DBAE677004684B6 /* Esther_CalculatorAppTests.swift */,
				8405FBD51DBAE677004684B6 /* Info.plist */,
			);
			path = Esther_CalculatorAppTests;
			sourceTree = "<group>";
		};
		8405FBDD1DBAE677004684B6 /* Esther_CalculatorAppUITests */ = {
			isa = PBXGroup;
			children = (
				8405FBDE1DBAE677004684B6 /* Esther_CalculatorAppUITests.swift */,
				8405FBE01DBAE677004684B6 /* Info.plist */,
			);
			path = Esther_CalculatorAppUITests;
			sourceTree = "<group>";
		};
/* End PBXGroup section */

/* Begin PBXNativeTarget section */
		8405FBBA1DBAE677004684B6 /* Esther_CalculatorApp */ = {
			isa = PBXNativeTarget;
			buildConfigurationList = 8405FBE31DBAE677004684B6 /* Build configuration list for PBXNativeTarget "Esther_CalculatorApp" */;
			buildPhases = (
				8405FBB71DBAE677004684B6 /* Sources */,
				8405FBB81DBAE677004684B6 /* Frameworks */,
				8405FBB91DBAE677004684B6 /* Resources */,
			);
			buildRules = (
			);
			dependencies = (
			);
			name = Esther_CalculatorApp;
			productName = Esther_CalculatorApp;
			productReference = 8405FBBB1DBAE677004684B6 /* Esther_CalculatorApp.app */;
			productType = "com.apple.product-type.application";
		};
		8405FBCE1DBAE677004684B6 /* Esther_CalculatorAppTests */ = {
			isa = PBXNativeTarget;
			buildConfigurationList = 8405FBE61DBAE677004684B6 /* Build configuration list for PBXNativeTarget "Esther_CalculatorAppTests" */;
			buildPhases = (
				8405FBCB1DBAE677004684B6 /* Sources */,
				8405FBCC1DBAE677004684B6 /* Frameworks */,
				8405FBCD1DBAE677004684B6 /* Resources */,
			);
			buildRules = (
			);
			dependencies = (
				8405FBD11DBAE677004684B6 /* PBXTargetDependency */,
			);
			name = Esther_CalculatorAppTests;
			productName = Esther_CalculatorAppTests;
			productReference = 8405FBCF1DBAE677004684B6 /* Esther_CalculatorAppTests.xctest */;
			productType = "com.apple.product-type.bundle.unit-test";
		};
		8405FBD91DBAE677004684B6 /* Esther_CalculatorAppUITests */ = {
			isa = PBXNativeTarget;
			buildConfigurationList = 8405FBE91DBAE677004684B6 /* Build configuration list for PBXNativeTarget "Esther_CalculatorAppUITests" */;
			buildPhases = (
				8405FBD61DBAE677004684B6 /* Sources */,
				8405FBD71DBAE677004684B6 /* Frameworks */,
				8405FBD81DBAE677004684B6 /* Resources */,
			);
			buildRules = (
			);
			dependencies = (
				8405FBDC1DBAE677004684B6 /* PBXTargetDependency */,
			);
			name = Esther_CalculatorAppUITests;
			productName = Esther_CalculatorAppUITests;
			productReference = 8405FBDA1DBAE677004684B6 /* Esther_CalculatorAppUITests.xctest */;
			productType = "com.apple.product-type.bundle.ui-testing";
		};
/* End PBXNativeTarget section */

/* Begin PBXProject section */
		8405FBB31DBAE677004684B6 /* Project object */ = {
			isa = PBXProject;
			attributes = {
				LastSwiftUpdateCheck = 0800;
				LastUpgradeCheck = 0800;
				ORGANIZATIONNAME = "Esther King";
				TargetAttributes = {
					8405FBBA1DBAE677004684B6 = {
						CreatedOnToolsVersion = 8.0;
						ProvisioningStyle = Automatic;
					};
					8405FBCE1DBAE677004684B6 = {
						CreatedOnToolsVersion = 8.0;
						ProvisioningStyle = Automatic;
						TestTargetID = 8405FBBA1DBAE677004684B6;
					};
					8405FBD91DBAE677004684B6 = {
						CreatedOnToolsVersion = 8.0;
						ProvisioningStyle = Automatic;
						TestTargetID = 8405FBBA1DBAE677004684B6;
					};
				};
			};
			buildConfigurationList = 8405FBB61DBAE677004684B6 /* Build configuration list for PBXProject "Esther_CalculatorApp" */;
			compatibilityVersion = "Xcode 3.2";
			developmentRegion = English;
			hasScannedForEncodings = 0;
			knownRegions = (
				en,
				Base,
			);
			mainGroup = 8405FBB21DBAE677004684B6;
			productRefGroup = 8405FBBC1DBAE677004684B6 /* Products */;
			projectDirPath = "";
			projectRoot = "";
			targets = (
				8405FBBA1DBAE677004684B6 /* Esther_CalculatorApp */,
				8405FBCE1DBAE677004684B6 /* Esther_CalculatorAppTests */,
				8405FBD91DBAE677004684B6 /* Esther_CalculatorAppUITests */,
			);
		};
/* End PBXProject section */

/* Begin PBXResourcesBuildPhase section */
		8405FBB91DBAE677004684B6 /* Resources */ = {
			isa = PBXResourcesBuildPhase;
			buildActionMask = 2147483647;
			files = (
				8405FBC91DBAE677004684B6 /* LaunchScreen.storyboard in Resources */,
				8405FBC61DBAE677004684B6 /* Assets.xcassets in Resources */,
				8405FBC41DBAE677004684B6 /* Main.storyboard in Resources */,
			);
			runOnlyForDeploymentPostprocessing = 0;
		};
		8405FBCD1DBAE677004684B6 /* Resources */ = {
			isa = PBXResourcesBuildPhase;
			buildActionMask = 2147483647;
			files = (
			);
			runOnlyForDeploymentPostprocessing = 0;
		};
		8405FBD81DBAE677004684B6 /* Resources */ = {
			isa = PBXResourcesBuildPhase;
			buildActionMask = 2147483647;
			files = (
			);
			runOnlyForDeploymentPostprocessing = 0;
		};
/* End PBXResourcesBuildPhase section */

/* Begin PBXSourcesBuildPhase section */
		8405FBB71DBAE677004684B6 /* Sources */ = {
			isa = PBXSourcesBuildPhase;
			buildActionMask = 2147483647;
			files = (
				8405FBC11DBAE677004684B6 /* ViewController.swift in Sources */,
				8405FBBF1DBAE677004684B6 /* AppDelegate.swift in Sources */,
			);
			runOnlyForDeploymentPostprocessing = 0;
		};
		8405FBCB1DBAE677004684B6 /* Sources */ = {
			isa = PBXSourcesBuildPhase;
			buildActionMask = 2147483647;
			files = (
				8405FBD41DBAE677004684B6 /* Esther_CalculatorAppTests.swift in Sources */,
			);
			runOnlyForDeploymentPostprocessing = 0;
		};
		8405FBD61DBAE677004684B6 /* Sources */ = {
			isa = PBXSourcesBuildPhase;
			buildActionMask = 2147483647;
			files = (
				8405FBDF1DBAE677004684B6 /* Esther_CalculatorAppUITests.swift in Sources */,
			);
			runOnlyForDeploymentPostprocessing = 0;
		};
/* End PBXSourcesBuildPhase section */

/* Begin PBXTargetDependency section */
		8405FBD11DBAE677004684B6 /* PBXTargetDependency */ = {
			isa = PBXTargetDependency;
			target = 8405FBBA1DBAE677004684B6 /* Esther_CalculatorApp */;
			targetProxy = 8405FBD01DBAE677004684B6 /* PBXContainerItemProxy */;
		};
		8405FBDC1DBAE677004684B6 /* PBXTargetDependency */ = {
			isa = PBXTargetDependency;
			target = 8405FBBA1DBAE677004684B6 /* Esther_CalculatorApp */;
			targetProxy = 8405FBDB1DBAE677004684B6 /* PBXContainerItemProxy */;
		};
/* End PBXTargetDependency section */

/* Begin PBXVariantGroup section */
		8405FBC21DBAE677004684B6 /* Main.storyboard */ = {
			isa = PBXVariantGroup;
			children = (
				8405FBC31DBAE677004684B6 /* Base */,
			);
			name = Main.storyboard;
			sourceTree = "<group>";
		};
		8405FBC71DBAE677004684B6 /* LaunchScreen.storyboard */ = {
			isa = PBXVariantGroup;
			children = (
				8405FBC81DBAE677004684B6 /* Base */,
			);
			name = LaunchScreen.storyboard;
			sourceTree = "<group>";
		};
/* End PBXVariantGroup section */

/* Begin XCBuildConfiguration section */
		8405FBE11DBAE677004684B6 /* Debug */ = {
			isa = XCBuildConfiguration;
			buildSettings = {
				ALWAYS_SEARCH_USER_PATHS = NO;
				CLANG_ANALYZER_NONNULL = YES;
				CLANG_CXX_LANGUAGE_STANDARD = "gnu++0x";
				CLANG_CXX_LIBRARY = "libc++";
				CLANG_ENABLE_MODULES = YES;
				CLANG_ENABLE_OBJC_ARC = YES;
				CLANG_WARN_BOOL_CONVERSION = YES;
				CLANG_WARN_CONSTANT_CONVERSION = YES;
				CLANG_WARN_DIRECT_OBJC_ISA_USAGE = YES_ERROR;
				CLANG_WARN_DOCUMENTATION_COMMENTS = YES;
				CLANG_WARN_EMPTY_BODY = YES;
				CLANG_WARN_ENUM_CONVERSION = YES;
				CLANG_WARN_INFINITE_RECURSION = YES;
				CLANG_WARN_INT_CONVERSION = YES;
				CLANG_WARN_OBJC_ROOT_CLASS = YES_ERROR;
				CLANG_WARN_SUSPICIOUS_MOVES = YES;
				CLANG_WARN_UNREACHABLE_CODE = YES;
				CLANG_WARN__DUPLICATE_METHOD_MATCH = YES;
				"CODE_SIGN_IDENTITY[sdk=iphoneos*]" = "iPhone Developer";
				COPY_PHASE_STRIP = NO;
				DEBUG_INFORMATION_FORMAT = dwarf;
				ENABLE_STRICT_OBJC_MSGSEND = YES;
				ENABLE_TESTABILITY = YES;
				GCC_C_LANGUAGE_STANDARD = gnu99;
				GCC_DYNAMIC_NO_PIC = NO;
				GCC_NO_COMMON_BLOCKS = YES;
				GCC_OPTIMIZATION_LEVEL = 0;
				GCC_PREPROCESSOR_DEFINITIONS = (
					"DEBUG=1",
					"$(inherited)",
				);
				GCC_WARN_64_TO_32_BIT_CONVERSION = YES;
				GCC_WARN_ABOUT_RETURN_TYPE = YES_ERROR;
				GCC_WARN_UNDECLARED_SELECTOR = YES;
				GCC_WARN_UNINITIALIZED_AUTOS = YES_AGGRESSIVE;
				GCC_WARN_UNUSED_FUNCTION = YES;
				GCC_WARN_UNUSED_VARIABLE = YES;
				IPHONEOS_DEPLOYMENT_TARGET = 10.0;
				MTL_ENABLE_DEBUG_INFO = YES;
				ONLY_ACTIVE_ARCH = YES;
				SDKROOT = iphoneos;
				SWIFT_ACTIVE_COMPILATION_CONDITIONS = DEBUG;
				SWIFT_OPTIMIZATION_LEVEL = "-Onone";
			};
			name = Debug;
		};
		8405FBE21DBAE677004684B6 /* Release */ = {
			isa = XCBuildConfiguration;
			buildSettings = {
				ALWAYS_SEARCH_USER_PATHS = NO;
				CLANG_ANALYZER_NONNULL = YES;
				CLANG_CXX_LANGUAGE_STANDARD = "gnu++0x";
				CLANG_CXX_LIBRARY = "libc++";
				CLANG_ENABLE_MODULES = YES;
				CLANG_ENABLE_OBJC_ARC = YES;
				CLANG_WARN_BOOL_CONVERSION = YES;
				CLANG_WARN_CONSTANT_CONVERSION = YES;
				CLANG_WARN_DIRECT_OBJC_ISA_USAGE = YES_ERROR;
				CLANG_WARN_DOCUMENTATION_COMMENTS = YES;
				CLANG_WARN_EMPTY_BODY = YES;
				CLANG_WARN_ENUM_CONVERSION = YES;
				CLANG_WARN_INFINITE_RECURSION = YES;
				CLANG_WARN_INT_CONVERSION = YES;
				CLANG_WARN_OBJC_ROOT_CLASS = YES_ERROR;
				CLANG_WARN_SUSPICIOUS_MOVES = YES;
				CLANG_WARN_UNREACHABLE_CODE = YES;
				CLANG_WARN__DUPLICATE_METHOD_MATCH = YES;
				"CODE_SIGN_IDENTITY[sdk=iphoneos*]" = "iPhone Developer";
				COPY_PHASE_STRIP = NO;
				DEBUG_INFORMATION_FORMAT = "dwarf-with-dsym";
				ENABLE_NS_ASSERTIONS = NO;
				ENABLE_STRICT_OBJC_MSGSEND = YES;
				GCC_C_LANGUAGE_STANDARD = gnu99;
				GCC_NO_COMMON_BLOCKS = YES;
				GCC_WARN_64_TO_32_BIT_CONVERSION = YES;
				GCC_WARN_ABOUT_RETURN_TYPE = YES_ERROR;
				GCC_WARN_UNDECLARED_SELECTOR = YES;
				GCC_WARN_UNINITIALIZED_AUTOS = YES_AGGRESSIVE;
				GCC_WARN_UNUSED_FUNCTION = YES;
				GCC_WARN_UNUSED_VARIABLE = YES;
				IPHONEOS_DEPLOYMENT_TARGET = 10.0;
				MTL_ENABLE_DEBUG_INFO = NO;
				SDKROOT = iphoneos;
				SWIFT_OPTIMIZATION_LEVEL = "-Owholemodule";
				VALIDATE_PRODUCT = YES;
			};
			name = Release;
		};
		8405FBE41DBAE677004684B6 /* Debug */ = {
			isa = XCBuildConfiguration;
			buildSettings = {
				ASSETCATALOG_COMPILER_APPICON_NAME = AppIcon;
				INFOPLIST_FILE = Esther_CalculatorApp/Info.plist;
				LD_RUNPATH_SEARCH_PATHS = "$(inherited) @executable_path/Frameworks";
				PRODUCT_BUNDLE_IDENTIFIER = "Queen.Esther-CalculatorApp";
				PRODUCT_NAME = "$(TARGET_NAME)";
				SWIFT_VERSION = 3.0;
			};
			name = Debug;
		};
		8405FBE51DBAE677004684B6 /* Release */ = {
			isa = XCBuildConfiguration;
			buildSettings = {
				ASSETCATALOG_COMPILER_APPICON_NAME = AppIcon;
				INFOPLIST_FILE = Esther_CalculatorApp/Info.plist;
				LD_RUNPATH_SEARCH_PATHS = "$(inherited) @executable_path/Frameworks";
				PRODUCT_BUNDLE_IDENTIFIER = "Queen.Esther-CalculatorApp";
				PRODUCT_NAME = "$(TARGET_NAME)";
				SWIFT_VERSION = 3.0;
			};
			name = Release;
		};
		8405FBE71DBAE677004684B6 /* Debug */ = {
			isa = XCBuildConfiguration;
			buildSettings = {
				ALWAYS_EMBED_SWIFT_STANDARD_LIBRARIES = YES;
				BUNDLE_LOADER = "$(TEST_HOST)";
				INFOPLIST_FILE = Esther_CalculatorAppTests/Info.plist;
				LD_RUNPATH_SEARCH_PATHS = "$(inherited) @executable_path/Frameworks @loader_path/Frameworks";
				PRODUCT_BUNDLE_IDENTIFIER = "Queen.Esther-CalculatorAppTests";
				PRODUCT_NAME = "$(TARGET_NAME)";
				SWIFT_VERSION = 3.0;
				TEST_HOST = "$(BUILT_PRODUCTS_DIR)/Esther_CalculatorApp.app/Esther_CalculatorApp";
			};
			name = Debug;
		};
		8405FBE81DBAE677004684B6 /* Release */ = {
			isa = XCBuildConfiguration;
			buildSettings = {
				ALWAYS_EMBED_SWIFT_STANDARD_LIBRARIES = YES;
				BUNDLE_LOADER = "$(TEST_HOST)";
				INFOPLIST_FILE = Esther_CalculatorAppTests/Info.plist;
				LD_RUNPATH_SEARCH_PATHS = "$(inherited) @executable_path/Frameworks @loader_path/Frameworks";
				PRODUCT_BUNDLE_IDENTIFIER = "Queen.Esther-CalculatorAppTests";
				PRODUCT_NAME = "$(TARGET_NAME)";
				SWIFT_VERSION = 3.0;
				TEST_HOST = "$(BUILT_PRODUCTS_DIR)/Esther_CalculatorApp.app/Esther_CalculatorApp";
			};
			name = Release;
		};
		8405FBEA1DBAE677004684B6 /* Debug */ = {
			isa = XCBuildConfiguration;
			buildSettings = {
				ALWAYS_EMBED_SWIFT_STANDARD_LIBRARIES = YES;
				INFOPLIST_FILE = Esther_CalculatorAppUITests/Info.plist;
				LD_RUNPATH_SEARCH_PATHS = "$(inherited) @executable_path/Frameworks @loader_path/Frameworks";
				PRODUCT_BUNDLE_IDENTIFIER = "Queen.Esther-CalculatorAppUITests";
				PRODUCT_NAME = "$(TARGET_NAME)";
				SWIFT_VERSION = 3.0;
				TEST_TARGET_NAME = Esther_CalculatorApp;
			};
			name = Debug;
		};
		8405FBEB1DBAE677004684B6 /* Release */ = {
			isa = XCBuildConfiguration;
			buildSettings = {
				ALWAYS_EMBED_SWIFT_STANDARD_LIBRARIES = YES;
				INFOPLIST_FILE = Esther_CalculatorAppUITests/Info.plist;
				LD_RUNPATH_SEARCH_PATHS = "$(inherited) @executable_path/Frameworks @loader_path/Frameworks";
				PRODUCT_BUNDLE_IDENTIFIER = "Queen.Esther-CalculatorAppUITests";
				PRODUCT_NAME = "$(TARGET_NAME)";
				SWIFT_VERSION = 3.0;
				TEST_TARGET_NAME = Esther_CalculatorApp;
			};
			name = Release;
		};
/* End XCBuildConfiguration section */

/* Begin XCConfigurationList section */
		8405FBB61DBAE677004684B6 /* Build configuration list for PBXProject "Esther_CalculatorApp" */ = {
			isa = XCConfigurationList;
			buildConfigurations = (
				8405FBE11DBAE677004684B6 /* Debug */,
				8405FBE21DBAE677004684B6 /* Release */,
			);
			defaultConfigurationIsVisible = 0;
			defaultConfigurationName = Release;
		};
		8405FBE31DBAE677004684B6 /* Build configuration list for PBXNativeTarget "Esther_CalculatorApp" */ = {
			isa = XCConfigurationList;
			buildConfigurations = (
				8405FBE41DBAE677004684B6 /* Debug */,
				8405FBE51DBAE677004684B6 /* Release */,
			);
			defaultConfigurationIsVisible = 0;
		};
		8405FBE61DBAE677004684B6 /* Build configuration list for PBXNativeTarget "Esther_CalculatorAppTests" */ = {
			isa = XCConfigurationList;
			buildConfigurations = (
				8405FBE71DBAE677004684B6 /* Debug */,
				8405FBE81DBAE677004684B6 /* Release */,
			);
			defaultConfigurationIsVisible = 0;
		};
		8405FBE91DBAE677004684B6 /* Build configuration list for PBXNativeTarget "Esther_CalculatorAppUITests" */ = {
			isa = XCConfigurationList;
			buildConfigurations = (
				8405FBEA1DBAE677004684B6 /* Debug */,
				8405FBEB1DBAE677004684B6 /* Release */,
			);
			defaultConfigurationIsVisible = 0;
		};
/* End XCConfigurationList section */
	};
	rootObject = 8405FBB31DBAE677004684B6 /* Project object */;
}
